
Microsoft Visual Studio Solution File, Format Version 12.00
# Visual Studio 15
VisualStudioVersion = 15.0.27428.2005
MinimumVisualStudioVersion = 10.0.40219.1
Project("{FAE04EC0-301F-11D3-BF4B-00C04F79EFBC}") = "WpfApplication", "WpfApplication\WpfApplication.csproj", "{9210A879-7396-497E-A57C-4D5570949EE0}"
EndProject
Project("{FAE04EC0-301F-11D3-BF4B-00C04F79EFBC}") = "Test", "Test\Test.csproj", "{FBEB72BD-A7C0-4356-ADAF-76A0D9EBCE34}"
EndProject
Project("{FAE04EC0-301F-11D3-BF4B-00C04F79EFBC}") = "WinFormT", "WinFormT\WinFormT.csproj", "{3703E901-652A-4DBA-8DC8-145C7137684F}"
EndProject
Project("{FAE04EC0-301F-11D3-BF4B-00C04F79EFBC}") = "MSMQ", "MSMQ\MSMQ.csproj", "{2ED4B22F-218E-4B99-8D67-F367B0FD88B1}"
EndProject
Project("{FAE04EC0-301F-11D3-BF4B-00C04F79EFBC}") = "ClassLibrary", "ClassLibrary\ClassLibrary.csproj", "{3CBBC5CF-DF36-405D-95F0-383283B75849}"
EndProject
Global
	GlobalSection(SolutionConfigurationPlatforms) = preSolution
		Debug|Any CPU = Debug|Any CPU
		Debug|Mixed Platforms = Debug|Mixed Platforms
		Debug|Win32 = Debug|Win32
		Release|Any CPU = Release|Any CPU
		Release|Mixed Platforms = Release|Mixed Platforms
		Release|Win32 = Release|Win32
	EndGlobalSection
	GlobalSection(ProjectConfigurationPlatforms) = postSolution
		{9210A879-7396-497E-A57C-4D5570949EE0}.Debug|Any CPU.ActiveCfg = Debug|Any CPU
		{9210A879-7396-497E-A57C-4D5570949EE0}.Debug|Any CPU.Build.0 = Debug|Any CPU
		{9210A879-7396-497E-A57C-4D5570949EE0}.Debug|Mixed Platforms.ActiveCfg = Debug|Any CPU
		{9210A879-7396-497E-A57C-4D5570949EE0}.Debug|Mixed Platforms.Build.0 = Debug|Any CPU
		{9210A879-7396-497E-A57C-4D5570949EE0}.Debug|Win32.ActiveCfg = Debug|Any CPU
		{9210A879-7396-497E-A57C-4D5570949EE0}.Release|Any CPU.ActiveCfg = Release|Any CPU
		{9210A879-7396-497E-A57C-4D5570949EE0}.Release|Any CPU.Build.0 = Release|Any CPU
		{9210A879-7396-497E-A57C-4D5570949EE0}.Release|Mixed Platforms.ActiveCfg = Release|Any CPU
		{9210A879-7396-497E-A57C-4D5570949EE0}.Release|Mixed Platforms.Build.0 = Release|Any CPU
		{9210A879-7396-497E-A57C-4D5570949EE0}.Release|Win32.ActiveCfg = Release|Any CPU
		{FBEB72BD-A7C0-4356-ADAF-76A0D9EBCE34}.Debug|Any CPU.ActiveCfg = Debug|Any CPU
		{FBEB72BD-A7C0-4356-ADAF-76A0D9EBCE34}.Debug|Any CPU.Build.0 = Debug|Any CPU
		{FBEB72BD-A7C0-4356-ADAF-76A0D9EBCE34}.Debug|Mixed Platforms.ActiveCfg = Debug|Any CPU
		{FBEB72BD-A7C0-4356-ADAF-76A0D9EBCE34}.Debug|Mixed Platforms.Build.0 = Debug|Any CPU
		{FBEB72BD-A7C0-4356-ADAF-76A0D9EBCE34}.Debug|Win32.ActiveCfg = Debug|Any CPU
		{FBEB72BD-A7C0-4356-ADAF-76A0D9EBCE34}.Release|Any CPU.ActiveCfg = Release|Any CPU
		{FBEB72BD-A7C0-4356-ADAF-76A0D9EBCE34}.Release|Any CPU.Build.0 = Release|Any CPU
		{FBEB72BD-A7C0-4356-ADAF-76A0D9EBCE34}.Release|Mixed Platforms.ActiveCfg = Release|Any CPU
		{FBEB72BD-A7C0-4356-ADAF-76A0D9EBCE34}.Release|Mixed Platforms.Build.0 = Release|Any CPU
		{FBEB72BD-A7C0-4356-ADAF-76A0D9EBCE34}.Release|Win32.ActiveCfg = Release|Any CPU
		{3703E901-652A-4DBA-8DC8-145C7137684F}.Debug|Any CPU.ActiveCfg = Debug|Any CPU
		{3703E901-652A-4DBA-8DC8-145C7137684F}.Debug|Any CPU.Build.0 = Debug|Any CPU
		{3703E901-652A-4DBA-8DC8-145C7137684F}.Debug|Mixed Platforms.ActiveCfg = Debug|Any CPU
		{3703E901-652A-4DBA-8DC8-145C7137684F}.Debug|Mixed Platforms.Build.0 = Debug|Any CPU
		{3703E901-652A-4DBA-8DC8-145C7137684F}.Debug|Win32.ActiveCfg = Debug|Any CPU
		{3703E901-652A-4DBA-8DC8-145C7137684F}.Release|Any CPU.ActiveCfg = Release|Any CPU
		{3703E901-652A-4DBA-8DC8-145C7137684F}.Release|Any CPU.Build.0 = Release|Any CPU
		{3703E901-652A-4DBA-8DC8-145C7137684F}.Release|Mixed Platforms.ActiveCfg = Release|Any CPU
		{3703E901-652A-4DBA-8DC8-145C7137684F}.Release|Mixed Platforms.Build.0 = Release|Any CPU
		{3703E901-652A-4DBA-8DC8-145C7137684F}.Release|Win32.ActiveCfg = Release|Any CPU
		{2ED4B22F-218E-4B99-8D67-F367B0FD88B1}.Debug|Any CPU.ActiveCfg = Debug|Any CPU
		{2ED4B22F-218E-4B99-8D67-F367B0FD88B1}.Debug|Any CPU.Build.0 = Debug|Any CPU
		{2ED4B22F-218E-4B99-8D67-F367B0FD88B1}.Debug|Mixed Platforms.ActiveCfg = Debug|Any CPU
		{2ED4B22F-218E-4B99-8D67-F367B0FD88B1}.Debug|Mixed Platforms.Build.0 = Debug|Any CPU
		{2ED4B22F-218E-4B99-8D67-F367B0FD88B1}.Debug|Win32.ActiveCfg = Debug|Any CPU
		{2ED4B22F-218E-4B99-8D67-F367B0FD88B1}.Release|Any CPU.ActiveCfg = Release|Any CPU
		{2ED4B22F-218E-4B99-8D67-F367B0FD88B1}.Release|Any CPU.Build.0 = Release|Any CPU
		{2ED4B22F-218E-4B99-8D67-F367B0FD88B1}.Release|Mixed Platforms.ActiveCfg = Release|Any CPU
		{2ED4B22F-218E-4B99-8D67-F367B0FD88B1}.Release|Mixed Platforms.Build.0 = Release|Any CPU
		{2ED4B22F-218E-4B99-8D67-F367B0FD88B1}.Release|Win32.ActiveCfg = Release|Any CPU
		{3CBBC5CF-DF36-405D-95F0-383283B75849}.Debug|Any CPU.ActiveCfg = Debug|Any CPU
		{3CBBC5CF-DF36-405D-95F0-383283B75849}.Debug|Any CPU.Build.0 = Debug|Any CPU
		{3CBBC5CF-DF36-405D-95F0-383283B75849}.Debug|Mixed Platforms.ActiveCfg = Debug|Any CPU
		{3CBBC5CF-DF36-405D-95F0-383283B75849}.Debug|Mixed Platforms.Build.0 = Debug|Any CPU
		{3CBBC5CF-DF36-405D-95F0-383283B75849}.Debug|Win32.ActiveCfg = Debug|Any CPU
		{3CBBC5CF-DF36-405D-95F0-383283B75849}.Debug|Win32.Build.0 = Debug|Any CPU
		{3CBBC5CF-DF36-405D-95F0-383283B75849}.Release|Any CPU.ActiveCfg = Release|Any CPU
		{3CBBC5CF-DF36-405D-95F0-383283B75849}.Release|Any CPU.Build.0 = Release|Any CPU
		{3CBBC5CF-DF36-405D-95F0-383283B75849}.Release|Mixed Platforms.ActiveCfg = Release|Any CPU
		{3CBBC5CF-DF36-405D-95F0-383283B75849}.Release|Mixed Platforms.Build.0 = Release|Any CPU
		{3CBBC5CF-DF36-405D-95F0-383283B75849}.Release|Win32.ActiveCfg = Release|Any CPU
		{3CBBC5CF-DF36-405D-95F0-383283B75849}.Release|Win32.Build.0 = Release|Any CPU
	EndGlobalSection
	GlobalSection(SolutionProperties) = preSolution
		HideSolutionNode = FALSE
	EndGlobalSection
	GlobalSection(ExtensibilityGlobals) = postSolution
		SolutionGuid = {F8E13786-E7EF-461C-9554-BC672A4E9026}
	EndGlobalSection
EndGlobal
